
Microsoft Visual Studio Solution File, Format Version 12.00
# Visual Studio Version 16
VisualStudioVersion = 16.0.31613.86
MinimumVisualStudioVersion = 10.0.40219.1
Project("{FAE04EC0-301F-11D3-BF4B-00C04F79EFBC}") = "Authentication_Authorization", "Authentication_Authorization\Authentication_Authorization.csproj", "{1B2B2931-59FA-4260-AB2E-D966156A199A}"
EndProject
Global
	GlobalSection(SolutionConfigurationPlatforms) = preSolution
		Debug|Any CPU = Debug|Any CPU
		Release|Any CPU = Release|Any CPU
	EndGlobalSection
	GlobalSection(ProjectConfigurationPlatforms) = postSolution
		{1B2B2931-59FA-4260-AB2E-D966156A199A}.Debug|Any CPU.ActiveCfg = Debug|Any CPU
		{1B2B2931-59FA-4260-AB2E-D966156A199A}.Debug|Any CPU.Build.0 = Debug|Any CPU
		{1B2B2931-59FA-4260-AB2E-D966156A199A}.Release|Any CPU.ActiveCfg = Release|Any CPU
		{1B2B2931-59FA-4260-AB2E-D966156A199A}.Release|Any CPU.Build.0 = Release|Any CPU
	EndGlobalSection
	GlobalSection(SolutionProperties) = preSolution
		HideSolutionNode = FALSE
	EndGlobalSection
	GlobalSection(ExtensibilityGlobals) = postSolution
		SolutionGuid = {1AF989B5-9CAB-4101-82CE-9778F1DAB58D}
	EndGlobalSection
EndGlobal
